{
  "name": "wherewords",
  "version": "1.0.0",
  "lockfileVersion": 1,
  "requires": true,
  "dependencies": {
    "amonad": {
      "version": "0.8.5",
      "resolved": "https://registry.npmjs.org/amonad/-/amonad-0.8.5.tgz",
      "integrity": "sha512-hYpGf2bGIxUF+TaR/xt7k1FXi5roNA553xfTXZO07AMK4PXjAphIK0f9XjdSwNUHG0ZDzavOSB6RaF3KzTgtEg==",
      "requires": {
        "tslib": "^1.9.3"
      }
    },
    "caverphone-phonetics": {
      "version": "1.0.0",
      "resolved": "https://registry.npmjs.org/caverphone-phonetics/-/caverphone-phonetics-1.0.0.tgz",
      "integrity": "sha1-TzvmQbVITBh3JPlULgZaEKlJN94=",
      "dev": true
    },
    "distance-from": {
      "version": "1.1.2",
      "resolved": "https://registry.npmjs.org/distance-from/-/distance-from-1.1.2.tgz",
      "integrity": "sha512-USH+DKr8rRRa/1LawlyRneNOuLRLmK1w77VDx1FGFG1f5NKY87F1cmWPxAOSw/DWQnKAiKrcpeRXvStOzNcRNQ==",
      "requires": {
        "amonad": "^0.8.2"
      }
    },
    "esm-seedrandom": {
      "version": "3.0.5",
      "resolved": "https://registry.npmjs.org/esm-seedrandom/-/esm-seedrandom-3.0.5.tgz",
      "integrity": "sha512-pMAq0mFIr5JQ3Ihbng7EBLMJ+llMbaDKkiG44pqbSXS0NIZWtEANpOpxb5s6Q8Q2R562P26qMHPv8YtP/NHh9g=="
    },
    "extra-english": {
      "version": "1.0.1",
      "resolved": "https://registry.npmjs.org/extra-english/-/extra-english-1.0.1.tgz",
      "integrity": "sha512-AIFAE6m/ryxPHcJDFESKXELWsPUyWqzTFrHkngGGS2ifEdidkLrsuLJlH0va7dn3Z/f8lNwmhdKIA3jwTeWTbw==",
      "dev": true
    },
    "levenshtein": {
      "version": "1.0.5",
      "resolved": "https://registry.npmjs.org/levenshtein/-/levenshtein-1.0.5.tgz",
      "integrity": "sha1-ORFzepy1baNF0Aj1V4LG8TiXm6M=",
      "dev": true
    },
    "long": {
      "version": "3.2.0",
      "resolved": "https://registry.npmjs.org/long/-/long-3.2.0.tgz",
      "integrity": "sha1-2CG3E4yhy1gcFymQ7xTbIAtcR0s="
    },
    "lzutf8": {
      "version": "0.5.6",
      "resolved": "https://registry.npmjs.org/lzutf8/-/lzutf8-0.5.6.tgz",
      "integrity": "sha512-nZT9HP+xe9FxhRj0DIHb/7jVeFdIQkOul8ebCYc5bMevmuzZZYbsjwFlg+UfO8GTQMfiGU2Fyt8JXtffeKF0Kg==",
      "dev": true
    },
    "metaphone": {
      "version": "1.0.6",
      "resolved": "https://registry.npmjs.org/metaphone/-/metaphone-1.0.6.tgz",
      "integrity": "sha512-1xKourcr1sNyZh+6+PApMx6EFHrGd63M/M1m6sG4TqlNfYIzXgnFoOJhdf3TIqOdb2gEil56sRdm3sc/xRbdFQ==",
      "dev": true
    },
    "normalize-strings": {
      "version": "1.1.0",
      "resolved": "https://registry.npmjs.org/normalize-strings/-/normalize-strings-1.1.0.tgz",
      "integrity": "sha1-skp17UgXY5RAT3Rkm1y4BA6JmnU=",
      "dev": true
    },
    "phonetic-english": {
      "version": "1.0.0",
      "resolved": "https://registry.npmjs.org/phonetic-english/-/phonetic-english-1.0.0.tgz",
      "integrity": "sha1-XYA4hNLBWKvselry6fJjFDwVAII=",
      "dev": true
    },
    "pluralize": {
      "version": "8.0.0",
      "resolved": "https://registry.npmjs.org/pluralize/-/pluralize-8.0.0.tgz",
      "integrity": "sha512-Nc3IT5yHzflTfbjgqWcCPpo7DaKy4FnpB0l/zCAW0Tc7jxAiuqSxHasntB3D7887LSrA93kDJ9IXovxJYxyLCA==",
      "dev": true
    },
    "pronounceable": {
      "version": "1.0.1",
      "resolved": "https://registry.npmjs.org/pronounceable/-/pronounceable-1.0.1.tgz",
      "integrity": "sha1-4Jq3WYnWZnZ52rr+/QgjQd3+ZWY=",
      "dev": true
    },
    "s2-geometry": {
      "version": "1.2.10",
      "resolved": "https://registry.npmjs.org/s2-geometry/-/s2-geometry-1.2.10.tgz",
      "integrity": "sha1-xv8i8+zK/Q7qSRtgtEwUG5iHrKs=",
      "requires": {
        "long": "^3.2.0"
      }
    },
    "soundex": {
      "version": "0.2.1",
      "resolved": "https://registry.npmjs.org/soundex/-/soundex-0.2.1.tgz",
      "integrity": "sha1-WIwsZRFAARwzh3cX85QbAscfQkI=",
      "dev": true
    },
    "syllable": {
      "version": "4.1.0",
      "resolved": "https://registry.npmjs.org/syllable/-/syllable-4.1.0.tgz",
      "integrity": "sha512-KUiIxtFxV17EEKqLYCHDcwaYxudDTRhX34mfTVYWkWFDsmiNRz1ZumpP3v0lTqsVQs78y3dqlSxkEMRk/SCVYQ==",
      "dev": true,
      "requires": {
        "normalize-strings": "^1.1.0",
        "pluralize": "^8.0.0"
      }
    },
    "tslib": {
      "version": "1.14.1",
      "resolved": "https://registry.npmjs.org/tslib/-/tslib-1.14.1.tgz",
      "integrity": "sha512-Xni35NKzjgMrwevysHTCArtLDpPvye8zV/0E4EyYn43P7/7qvQwPh9BGkHewbMulVntbigmcT7rdX3BNo9wRJg=="
    },
    "verbal-id": {
      "version": "0.0.4",
      "resolved": "https://registry.npmjs.org/verbal-id/-/verbal-id-0.0.4.tgz",
      "integrity": "sha512-aFVoafUgRz7BFWqJ88LjSFKFtB4bLfPgZUkXQHEXngSjUPsC7d6Abl5KW3auVnzAqIlqtVFpKW3u9qAJhkTQBA==",
      "dev": true,
      "requires": {
        "lzutf8": "^0.5.5"
      }
    }
  }
}
